// !$*UTF8*$!
{
	archiveVersion = 1;
	classes = {
	};
	objectVersion = 77;
	objects = {

/* Begin PBXBuildFile section */
		3C324AA42DD32DBF00CEA52A /* FirebaseAnalytics in Frameworks */ = {isa = PBXBuildFile; productRef = 3C324AA32DD32DBF00CEA52A /* FirebaseAnalytics */; };
		3C324AA62DD32DBF00CEA52A /* FirebaseAnalyticsOnDeviceConversion in Frameworks */ = {isa = PBXBuildFile; productRef = 3C324AA52DD32DBF00CEA52A /* FirebaseAnalyticsOnDeviceConversion */; };
		3C324AA82DD32DBF00CEA52A /* FirebaseAnalyticsWithoutAdIdSupport in Frameworks */ = {isa = PBXBuildFile; productRef = 3C324AA72DD32DBF00CEA52A /* FirebaseAnalyticsWithoutAdIdSupport */; };
		3C324AAA2DD32DBF00CEA52A /* FirebaseAppCheck in Frameworks */ = {isa = PBXBuildFile; productRef = 3C324AA92DD32DBF00CEA52A /* FirebaseAppCheck */; };
		3C324AAC2DD32DBF00CEA52A /* FirebaseAppDistribution-Beta in Frameworks */ = {isa = PBXBuildFile; productRef = 3C324AAB2DD32DBF00CEA52A /* FirebaseAppDistribution-Beta */; };
		3C324AAE2DD32DBF00CEA52A /* FirebaseAuth in Frameworks */ = {isa = PBXBuildFile; productRef = 3C324AAD2DD32DBF00CEA52A /* FirebaseAuth */; };
		3C324AB02DD32DBF00CEA52A /* FirebaseAuthCombine-Community in Frameworks */ = {isa = PBXBuildFile; productRef = 3C324AAF2DD32DBF00CEA52A /* FirebaseAuthCombine-Community */; };
		3C324AB22DD32DBF00CEA52A /* FirebaseCore in Frameworks */ = {isa = PBXBuildFile; productRef = 3C324AB12DD32DBF00CEA52A /* FirebaseCore */; };
		3C324AB42DD32DBF00CEA52A /* FirebaseDatabase in Frameworks */ = {isa = PBXBuildFile; productRef = 3C324AB32DD32DBF00CEA52A /* FirebaseDatabase */; };
		3C324AB62DD32DBF00CEA52A /* FirebaseFirestore in Frameworks */ = {isa = PBXBuildFile; productRef = 3C324AB52DD32DBF00CEA52A /* FirebaseFirestore */; };
		3C324AB82DD32DBF00CEA52A /* FirebaseFirestoreCombine-Community in Frameworks */ = {isa = PBXBuildFile; productRef = 3C324AB72DD32DBF00CEA52A /* FirebaseFirestoreCombine-Community */; };
		3C324ABA2DD32DBF00CEA52A /* FirebaseFunctions in Frameworks */ = {isa = PBXBuildFile; productRef = 3C324AB92DD32DBF00CEA52A /* FirebaseFunctions */; };
		3C324ABC2DD32DBF00CEA52A /* FirebaseFunctionsCombine-Community in Frameworks */ = {isa = PBXBuildFile; productRef = 3C324ABB2DD32DBF00CEA52A /* FirebaseFunctionsCombine-Community */; };
		3C324ABE2DD32DBF00CEA52A /* FirebaseInstallations in Frameworks */ = {isa = PBXBuildFile; productRef = 3C324ABD2DD32DBF00CEA52A /* FirebaseInstallations */; };
		3C324AC02DD32DBF00CEA52A /* FirebaseMessaging in Frameworks */ = {isa = PBXBuildFile; productRef = 3C324ABF2DD32DBF00CEA52A /* FirebaseMessaging */; };
		3C324AC22DD32DBF00CEA52A /* FirebaseStorage in Frameworks */ = {isa = PBXBuildFile; productRef = 3C324AC12DD32DBF00CEA52A /* FirebaseStorage */; };
		3C324AC42DD32DBF00CEA52A /* FirebaseStorageCombine-Community in Frameworks */ = {isa = PBXBuildFile; productRef = 3C324AC32DD32DBF00CEA52A /* FirebaseStorageCombine-Community */; };
/* End PBXBuildFile section */

/* Begin PBXFileReference section */
		3CE2EB962DD318B600363729 /* Liverpool.app */ = {isa = PBXFileReference; explicitFileType = wrapper.application; includeInIndex = 0; path = Liverpool.app; sourceTree = BUILT_PRODUCTS_DIR; };
/* End PBXFileReference section */

/* Begin PBXFileSystemSynchronizedRootGroup section */
		3CE2EB982DD318B600363729 /* Liverpool */ = {
			isa = PBXFileSystemSynchronizedRootGroup;
			path = Liverpool;
			sourceTree = "<group>";
		};
/* End PBXFileSystemSynchronizedRootGroup section */

/* Begin PBXFrameworksBuildPhase section */
		3CE2EB932DD318B600363729 /* Frameworks */ = {
			isa = PBXFrameworksBuildPhase;
			buildActionMask = 2147483647;
			files = (
				3C324AAA2DD32DBF00CEA52A /* FirebaseAppCheck in Frameworks */,
				3C324ABE2DD32DBF00CEA52A /* FirebaseInstallations in Frameworks */,
				3C324AAE2DD32DBF00CEA52A /* FirebaseAuth in Frameworks */,
				3C324AA42DD32DBF00CEA52A /* FirebaseAnalytics in Frameworks */,
				3C324ABA2DD32DBF00CEA52A /* FirebaseFunctions in Frameworks */,
				3C324AC22DD32DBF00CEA52A /* FirebaseStorage in Frameworks */,
				3C324AC42DD32DBF00CEA52A /* FirebaseStorageCombine-Community in Frameworks */,
				3C324AB62DD32DBF00CEA52A /* FirebaseFirestore in Frameworks */,
				3C324AAC2DD32DBF00CEA52A /* FirebaseAppDistribution-Beta in Frameworks */,
				3C324AB82DD32DBF00CEA52A /* FirebaseFirestoreCombine-Community in Frameworks */,
				3C324AA82DD32DBF00CEA52A /* FirebaseAnalyticsWithoutAdIdSupport in Frameworks */,
				3C324ABC2DD32DBF00CEA52A /* FirebaseFunctionsCombine-Community in Frameworks */,
				3C324AB02DD32DBF00CEA52A /* FirebaseAuthCombine-Community in Frameworks */,
				3C324AB42DD32DBF00CEA52A /* FirebaseDatabase in Frameworks */,
				3C324AC02DD32DBF00CEA52A /* FirebaseMessaging in Frameworks */,
				3C324AB22DD32DBF00CEA52A /* FirebaseCore in Frameworks */,
				3C324AA62DD32DBF00CEA52A /* FirebaseAnalyticsOnDeviceConversion in Frameworks */,
			);
			runOnlyForDeploymentPostprocessing = 0;
		};
/* End PBXFrameworksBuildPhase section */

/* Begin PBXGroup section */
		3CE2EB8D2DD318B600363729 = {
			isa = PBXGroup;
			children = (
				3CE2EB982DD318B600363729 /* Liverpool */,
				3CE2EB972DD318B600363729 /* Products */,
			);
			sourceTree = "<group>";
		};
		3CE2EB972DD318B600363729 /* Products */ = {
			isa = PBXGroup;
			children = (
				3CE2EB962DD318B600363729 /* Liverpool.app */,
			);
			name = Products;
			sourceTree = "<group>";
		};
/* End PBXGroup section */

/* Begin PBXNativeTarget section */
		3CE2EB952DD318B600363729 /* Liverpool */ = {
			isa = PBXNativeTarget;
			buildConfigurationList = 3CE2EBA12DD318B800363729 /* Build configuration list for PBXNativeTarget "Liverpool" */;
			buildPhases = (
				3CE2EB922DD318B600363729 /* Sources */,
				3CE2EB932DD318B600363729 /* Frameworks */,
				3CE2EB942DD318B600363729 /* Resources */,
			);
			buildRules = (
			);
			dependencies = (
			);
			fileSystemSynchronizedGroups = (
				3CE2EB982DD318B600363729 /* Liverpool */,
			);
			name = Liverpool;
			packageProductDependencies = (
				3C324AA32DD32DBF00CEA52A /* FirebaseAnalytics */,
				3C324AA52DD32DBF00CEA52A /* FirebaseAnalyticsOnDeviceConversion */,
				3C324AA72DD32DBF00CEA52A /* FirebaseAnalyticsWithoutAdIdSupport */,
				3C324AA92DD32DBF00CEA52A /* FirebaseAppCheck */,
				3C324AAB2DD32DBF00CEA52A /* FirebaseAppDistribution-Beta */,
				3C324AAD2DD32DBF00CEA52A /* FirebaseAuth */,
				3C324AAF2DD32DBF00CEA52A /* FirebaseAuthCombine-Community */,
				3C324AB12DD32DBF00CEA52A /* FirebaseCore */,
				3C324AB32DD32DBF00CEA52A /* FirebaseDatabase */,
				3C324AB52DD32DBF00CEA52A /* FirebaseFirestore */,
				3C324AB72DD32DBF00CEA52A /* FirebaseFirestoreCombine-Community */,
				3C324AB92DD32DBF00CEA52A /* FirebaseFunctions */,
				3C324ABB2DD32DBF00CEA52A /* FirebaseFunctionsCombine-Community */,
				3C324ABD2DD32DBF00CEA52A /* FirebaseInstallations */,
				3C324ABF2DD32DBF00CEA52A /* FirebaseMessaging */,
				3C324AC12DD32DBF00CEA52A /* FirebaseStorage */,
				3C324AC32DD32DBF00CEA52A /* FirebaseStorageCombine-Community */,
			);
			productName = Liverpool;
			productReference = 3CE2EB962DD318B600363729 /* Liverpool.app */;
			productType = "com.apple.product-type.application";
		};
/* End PBXNativeTarget section */

/* Begin PBXProject section */
		3CE2EB8E2DD318B600363729 /* Project object */ = {
			isa = PBXProject;
			attributes = {
				BuildIndependentTargetsInParallel = 1;
				LastSwiftUpdateCheck = 1630;
				LastUpgradeCheck = 1630;
				TargetAttributes = {
					3CE2EB952DD318B600363729 = {
						CreatedOnToolsVersion = 16.3;
					};
				};
			};
			buildConfigurationList = 3CE2EB912DD318B600363729 /* Build configuration list for PBXProject "Liverpool" */;
			developmentRegion = en;
			hasScannedForEncodings = 0;
			knownRegions = (
				en,
				Base,
			);
			mainGroup = 3CE2EB8D2DD318B600363729;
			minimizedProjectReferenceProxies = 1;
			packageReferences = (
				3C324AA22DD32DBF00CEA52A /* XCRemoteSwiftPackageReference "firebase-ios-sdk" */,
			);
			preferredProjectObjectVersion = 77;
			productRefGroup = 3CE2EB972DD318B600363729 /* Products */;
			projectDirPath = "";
			projectRoot = "";
			targets = (
				3CE2EB952DD318B600363729 /* Liverpool */,
			);
		};
/* End PBXProject section */

/* Begin PBXResourcesBuildPhase section */
		3CE2EB942DD318B600363729 /* Resources */ = {
			isa = PBXResourcesBuildPhase;
			buildActionMask = 2147483647;
			files = (
			);
			runOnlyForDeploymentPostprocessing = 0;
		};
/* End PBXResourcesBuildPhase section */

/* Begin PBXSourcesBuildPhase section */
		3CE2EB922DD318B600363729 /* Sources */ = {
			isa = PBXSourcesBuildPhase;
			buildActionMask = 2147483647;
			files = (
			);
			runOnlyForDeploymentPostprocessing = 0;
		};
/* End PBXSourcesBuildPhase section */

/* Begin XCBuildConfiguration section */
		3CE2EB9F2DD318B800363729 /* Debug */ = {
			isa = XCBuildConfiguration;
			buildSettings = {
				ALWAYS_SEARCH_USER_PATHS = NO;
				ASSETCATALOG_COMPILER_GENERATE_SWIFT_ASSET_SYMBOL_EXTENSIONS = YES;
				CLANG_ANALYZER_NONNULL = YES;
				CLANG_ANALYZER_NUMBER_OBJECT_CONVERSION = YES_AGGRESSIVE;
				CLANG_CXX_LANGUAGE_STANDARD = "gnu++20";
				CLANG_ENABLE_MODULES = YES;
				CLANG_ENABLE_OBJC_ARC = YES;
				CLANG_ENABLE_OBJC_WEAK = YES;
				CLANG_WARN_BLOCK_CAPTURE_AUTORELEASING = YES;
				CLANG_WARN_BOOL_CONVERSION = YES;
				CLANG_WARN_COMMA = YES;
				CLANG_WARN_CONSTANT_CONVERSION = YES;
				CLANG_WARN_DEPRECATED_OBJC_IMPLEMENTATIONS = YES;
				CLANG_WARN_DIRECT_OBJC_ISA_USAGE = YES_ERROR;
				CLANG_WARN_DOCUMENTATION_COMMENTS = YES;
				CLANG_WARN_EMPTY_BODY = YES;
				CLANG_WARN_ENUM_CONVERSION = YES;
				CLANG_WARN_INFINITE_RECURSION = YES;
				CLANG_WARN_INT_CONVERSION = YES;
				CLANG_WARN_NON_LITERAL_NULL_CONVERSION = YES;
				CLANG_WARN_OBJC_IMPLICIT_RETAIN_SELF = YES;
				CLANG_WARN_OBJC_LITERAL_CONVERSION = YES;
				CLANG_WARN_OBJC_ROOT_CLASS = YES_ERROR;
				CLANG_WARN_QUOTED_INCLUDE_IN_FRAMEWORK_HEADER = YES;
				CLANG_WARN_RANGE_LOOP_ANALYSIS = YES;
				CLANG_WARN_STRICT_PROTOTYPES = YES;
				CLANG_WARN_SUSPICIOUS_MOVE = YES;
				CLANG_WARN_UNGUARDED_AVAILABILITY = YES_AGGRESSIVE;
				CLANG_WARN_UNREACHABLE_CODE = YES;
				CLANG_WARN__DUPLICATE_METHOD_MATCH = YES;
				COPY_PHASE_STRIP = NO;
				DEBUG_INFORMATION_FORMAT = dwarf;
				ENABLE_STRICT_OBJC_MSGSEND = YES;
				ENABLE_TESTABILITY = YES;
				ENABLE_USER_SCRIPT_SANDBOXING = YES;
				GCC_C_LANGUAGE_STANDARD = gnu17;
				GCC_DYNAMIC_NO_PIC = NO;
				GCC_NO_COMMON_BLOCKS = YES;
				GCC_OPTIMIZATION_LEVEL = 0;
				GCC_PREPROCESSOR_DEFINITIONS = (
					"DEBUG=1",
					"$(inherited)",
				);
				GCC_WARN_64_TO_32_BIT_CONVERSION = YES;
				GCC_WARN_ABOUT_RETURN_TYPE = YES_ERROR;
				GCC_WARN_UNDECLARED_SELECTOR = YES;
				GCC_WARN_UNINITIALIZED_AUTOS = YES_AGGRESSIVE;
				GCC_WARN_UNUSED_FUNCTION = YES;
				GCC_WARN_UNUSED_VARIABLE = YES;
				IPHONEOS_DEPLOYMENT_TARGET = 18.4;
				LOCALIZATION_PREFERS_STRING_CATALOGS = YES;
				MTL_ENABLE_DEBUG_INFO = INCLUDE_SOURCE;
				MTL_FAST_MATH = YES;
				ONLY_ACTIVE_ARCH = YES;
				SDKROOT = iphoneos;
				SWIFT_ACTIVE_COMPILATION_CONDITIONS = "DEBUG $(inherited)";
				SWIFT_OPTIMIZATION_LEVEL = "-Onone";
			};
			name = Debug;
		};
		3CE2EBA02DD318B800363729 /* Release */ = {
			isa = XCBuildConfiguration;
			buildSettings = {
				ALWAYS_SEARCH_USER_PATHS = NO;
				ASSETCATALOG_COMPILER_GENERATE_SWIFT_ASSET_SYMBOL_EXTENSIONS = YES;
				CLANG_ANALYZER_NONNULL = YES;
				CLANG_ANALYZER_NUMBER_OBJECT_CONVERSION = YES_AGGRESSIVE;
				CLANG_CXX_LANGUAGE_STANDARD = "gnu++20";
				CLANG_ENABLE_MODULES = YES;
				CLANG_ENABLE_OBJC_ARC = YES;
				CLANG_ENABLE_OBJC_WEAK = YES;
				CLANG_WARN_BLOCK_CAPTURE_AUTORELEASING = YES;
				CLANG_WARN_BOOL_CONVERSION = YES;
				CLANG_WARN_COMMA = YES;
				CLANG_WARN_CONSTANT_CONVERSION = YES;
				CLANG_WARN_DEPRECATED_OBJC_IMPLEMENTATIONS = YES;
				CLANG_WARN_DIRECT_OBJC_ISA_USAGE = YES_ERROR;
				CLANG_WARN_DOCUMENTATION_COMMENTS = YES;
				CLANG_WARN_EMPTY_BODY = YES;
				CLANG_WARN_ENUM_CONVERSION = YES;
				CLANG_WARN_INFINITE_RECURSION = YES;
				CLANG_WARN_INT_CONVERSION = YES;
				CLANG_WARN_NON_LITERAL_NULL_CONVERSION = YES;
				CLANG_WARN_OBJC_IMPLICIT_RETAIN_SELF = YES;
				CLANG_WARN_OBJC_LITERAL_CONVERSION = YES;
				CLANG_WARN_OBJC_ROOT_CLASS = YES_ERROR;
				CLANG_WARN_QUOTED_INCLUDE_IN_FRAMEWORK_HEADER = YES;
				CLANG_WARN_RANGE_LOOP_ANALYSIS = YES;
				CLANG_WARN_STRICT_PROTOTYPES = YES;
				CLANG_WARN_SUSPICIOUS_MOVE = YES;
				CLANG_WARN_UNGUARDED_AVAILABILITY = YES_AGGRESSIVE;
				CLANG_WARN_UNREACHABLE_CODE = YES;
				CLANG_WARN__DUPLICATE_METHOD_MATCH = YES;
				COPY_PHASE_STRIP = NO;
				DEBUG_INFORMATION_FORMAT = "dwarf-with-dsym";
				ENABLE_NS_ASSERTIONS = NO;
				ENABLE_STRICT_OBJC_MSGSEND = YES;
				ENABLE_USER_SCRIPT_SANDBOXING = YES;
				GCC_C_LANGUAGE_STANDARD = gnu17;
				GCC_NO_COMMON_BLOCKS = YES;
				GCC_WARN_64_TO_32_BIT_CONVERSION = YES;
				GCC_WARN_ABOUT_RETURN_TYPE = YES_ERROR;
				GCC_WARN_UNDECLARED_SELECTOR = YES;
				GCC_WARN_UNINITIALIZED_AUTOS = YES_AGGRESSIVE;
				GCC_WARN_UNUSED_FUNCTION = YES;
				GCC_WARN_UNUSED_VARIABLE = YES;
				IPHONEOS_DEPLOYMENT_TARGET = 18.4;
				LOCALIZATION_PREFERS_STRING_CATALOGS = YES;
				MTL_ENABLE_DEBUG_INFO = NO;
				MTL_FAST_MATH = YES;
				SDKROOT = iphoneos;
				SWIFT_COMPILATION_MODE = wholemodule;
				VALIDATE_PRODUCT = YES;
			};
			name = Release;
		};
		3CE2EBA22DD318B800363729 /* Debug */ = {
			isa = XCBuildConfiguration;
			buildSettings = {
				ASSETCATALOG_COMPILER_APPICON_NAME = AppIcon;
				ASSETCATALOG_COMPILER_GLOBAL_ACCENT_COLOR_NAME = AccentColor;
				CODE_SIGN_STYLE = Automatic;
				CURRENT_PROJECT_VERSION = 1;
				ENABLE_PREVIEWS = YES;
				GENERATE_INFOPLIST_FILE = YES;
				INFOPLIST_KEY_UIApplicationSceneManifest_Generation = YES;
				INFOPLIST_KEY_UIApplicationSupportsIndirectInputEvents = YES;
				INFOPLIST_KEY_UILaunchScreen_Generation = YES;
				INFOPLIST_KEY_UISupportedInterfaceOrientations_iPad = "UIInterfaceOrientationPortrait UIInterfaceOrientationPortraitUpsideDown UIInterfaceOrientationLandscapeLeft UIInterfaceOrientationLandscapeRight";
				INFOPLIST_KEY_UISupportedInterfaceOrientations_iPhone = "UIInterfaceOrientationPortrait UIInterfaceOrientationLandscapeLeft UIInterfaceOrientationLandscapeRight";
				IPHONEOS_DEPLOYMENT_TARGET = 18.0;
				LD_RUNPATH_SEARCH_PATHS = (
					"$(inherited)",
					"@executable_path/Frameworks",
				);
				MARKETING_VERSION = 1.0;
				PRODUCT_BUNDLE_IDENTIFIER = com.Trigrama.dev.Liverpool;
				PRODUCT_NAME = "$(TARGET_NAME)";
				SWIFT_EMIT_LOC_STRINGS = YES;
				SWIFT_VERSION = 5.0;
				TARGETED_DEVICE_FAMILY = "1,2";
			};
			name = Debug;
		};
		3CE2EBA32DD318B800363729 /* Release */ = {
			isa = XCBuildConfiguration;
			buildSettings = {
				ASSETCATALOG_COMPILER_APPICON_NAME = AppIcon;
				ASSETCATALOG_COMPILER_GLOBAL_ACCENT_COLOR_NAME = AccentColor;
				CODE_SIGN_STYLE = Automatic;
				CURRENT_PROJECT_VERSION = 1;
				ENABLE_PREVIEWS = YES;
				GENERATE_INFOPLIST_FILE = YES;
				INFOPLIST_KEY_UIApplicationSceneManifest_Generation = YES;
				INFOPLIST_KEY_UIApplicationSupportsIndirectInputEvents = YES;
				INFOPLIST_KEY_UILaunchScreen_Generation = YES;
				INFOPLIST_KEY_UISupportedInterfaceOrientations_iPad = "UIInterfaceOrientationPortrait UIInterfaceOrientationPortraitUpsideDown UIInterfaceOrientationLandscapeLeft UIInterfaceOrientationLandscapeRight";
				INFOPLIST_KEY_UISupportedInterfaceOrientations_iPhone = "UIInterfaceOrientationPortrait UIInterfaceOrientationLandscapeLeft UIInterfaceOrientationLandscapeRight";
				IPHONEOS_DEPLOYMENT_TARGET = 18.0;
				LD_RUNPATH_SEARCH_PATHS = (
					"$(inherited)",
					"@executable_path/Frameworks",
				);
				MARKETING_VERSION = 1.0;
				PRODUCT_BUNDLE_IDENTIFIER = com.Trigrama.dev.Liverpool;
				PRODUCT_NAME = "$(TARGET_NAME)";
				SWIFT_EMIT_LOC_STRINGS = YES;
				SWIFT_VERSION = 5.0;
				TARGETED_DEVICE_FAMILY = "1,2";
			};
			name = Release;
		};
/* End XCBuildConfiguration section */

/* Begin XCConfigurationList section */
		3CE2EB912DD318B600363729 /* Build configuration list for PBXProject "Liverpool" */ = {
			isa = XCConfigurationList;
			buildConfigurations = (
				3CE2EB9F2DD318B800363729 /* Debug */,
				3CE2EBA02DD318B800363729 /* Release */,
			);
			defaultConfigurationIsVisible = 0;
			defaultConfigurationName = Release;
		};
		3CE2EBA12DD318B800363729 /* Build configuration list for PBXNativeTarget "Liverpool" */ = {
			isa = XCConfigurationList;
			buildConfigurations = (
				3CE2EBA22DD318B800363729 /* Debug */,
				3CE2EBA32DD318B800363729 /* Release */,
			);
			defaultConfigurationIsVisible = 0;
			defaultConfigurationName = Release;
		};
/* End XCConfigurationList section */

/* Begin XCRemoteSwiftPackageReference section */
		3C324AA22DD32DBF00CEA52A /* XCRemoteSwiftPackageReference "firebase-ios-sdk" */ = {
			isa = XCRemoteSwiftPackageReference;
			repositoryURL = "https://github.com/firebase/firebase-ios-sdk";
			requirement = {
				kind = upToNextMajorVersion;
				minimumVersion = 11.12.0;
			};
		};
/* End XCRemoteSwiftPackageReference section */

/* Begin XCSwiftPackageProductDependency section */
		3C324AA32DD32DBF00CEA52A /* FirebaseAnalytics */ = {
			isa = XCSwiftPackageProductDependency;
			package = 3C324AA22DD32DBF00CEA52A /* XCRemoteSwiftPackageReference "firebase-ios-sdk" */;
			productName = FirebaseAnalytics;
		};
		3C324AA52DD32DBF00CEA52A /* FirebaseAnalyticsOnDeviceConversion */ = {
			isa = XCSwiftPackageProductDependency;
			package = 3C324AA22DD32DBF00CEA52A /* XCRemoteSwiftPackageReference "firebase-ios-sdk" */;
			productName = FirebaseAnalyticsOnDeviceConversion;
		};
		3C324AA72DD32DBF00CEA52A /* FirebaseAnalyticsWithoutAdIdSupport */ = {
			isa = XCSwiftPackageProductDependency;
			package = 3C324AA22DD32DBF00CEA52A /* XCRemoteSwiftPackageReference "firebase-ios-sdk" */;
			productName = FirebaseAnalyticsWithoutAdIdSupport;
		};
		3C324AA92DD32DBF00CEA52A /* FirebaseAppCheck */ = {
			isa = XCSwiftPackageProductDependency;
			package = 3C324AA22DD32DBF00CEA52A /* XCRemoteSwiftPackageReference "firebase-ios-sdk" */;
			productName = FirebaseAppCheck;
		};
		3C324AAB2DD32DBF00CEA52A /* FirebaseAppDistribution-Beta */ = {
			isa = XCSwiftPackageProductDependency;
			package = 3C324AA22DD32DBF00CEA52A /* XCRemoteSwiftPackageReference "firebase-ios-sdk" */;
			productName = "FirebaseAppDistribution-Beta";
		};
		3C324AAD2DD32DBF00CEA52A /* FirebaseAuth */ = {
			isa = XCSwiftPackageProductDependency;
			package = 3C324AA22DD32DBF00CEA52A /* XCRemoteSwiftPackageReference "firebase-ios-sdk" */;
			productName = FirebaseAuth;
		};
		3C324AAF2DD32DBF00CEA52A /* FirebaseAuthCombine-Community */ = {
			isa = XCSwiftPackageProductDependency;
			package = 3C324AA22DD32DBF00CEA52A /* XCRemoteSwiftPackageReference "firebase-ios-sdk" */;
			productName = "FirebaseAuthCombine-Community";
		};
		3C324AB12DD32DBF00CEA52A /* FirebaseCore */ = {
			isa = XCSwiftPackageProductDependency;
			package = 3C324AA22DD32DBF00CEA52A /* XCRemoteSwiftPackageReference "firebase-ios-sdk" */;
			productName = FirebaseCore;
		};
		3C324AB32DD32DBF00CEA52A /* FirebaseDatabase */ = {
			isa = XCSwiftPackageProductDependency;
			package = 3C324AA22DD32DBF00CEA52A /* XCRemoteSwiftPackageReference "firebase-ios-sdk" */;
			productName = FirebaseDatabase;
		};
		3C324AB52DD32DBF00CEA52A /* FirebaseFirestore */ = {
			isa = XCSwiftPackageProductDependency;
			package = 3C324AA22DD32DBF00CEA52A /* XCRemoteSwiftPackageReference "firebase-ios-sdk" */;
			productName = FirebaseFirestore;
		};
		3C324AB72DD32DBF00CEA52A /* FirebaseFirestoreCombine-Community */ = {
			isa = XCSwiftPackageProductDependency;
			package = 3C324AA22DD32DBF00CEA52A /* XCRemoteSwiftPackageReference "firebase-ios-sdk" */;
			productName = "FirebaseFirestoreCombine-Community";
		};
		3C324AB92DD32DBF00CEA52A /* FirebaseFunctions */ = {
			isa = XCSwiftPackageProductDependency;
			package = 3C324AA22DD32DBF00CEA52A /* XCRemoteSwiftPackageReference "firebase-ios-sdk" */;
			productName = FirebaseFunctions;
		};
		3C324ABB2DD32DBF00CEA52A /* FirebaseFunctionsCombine-Community */ = {
			isa = XCSwiftPackageProductDependency;
			package = 3C324AA22DD32DBF00CEA52A /* XCRemoteSwiftPackageReference "firebase-ios-sdk" */;
			productName = "FirebaseFunctionsCombine-Community";
		};
		3C324ABD2DD32DBF00CEA52A /* FirebaseInstallations */ = {
			isa = XCSwiftPackageProductDependency;
			package = 3C324AA22DD32DBF00CEA52A /* XCRemoteSwiftPackageReference "firebase-ios-sdk" */;
			productName = FirebaseInstallations;
		};
		3C324ABF2DD32DBF00CEA52A /* FirebaseMessaging */ = {
			isa = XCSwiftPackageProductDependency;
			package = 3C324AA22DD32DBF00CEA52A /* XCRemoteSwiftPackageReference "firebase-ios-sdk" */;
			productName = FirebaseMessaging;
		};
		3C324AC12DD32DBF00CEA52A /* FirebaseStorage */ = {
			isa = XCSwiftPackageProductDependency;
			package = 3C324AA22DD32DBF00CEA52A /* XCRemoteSwiftPackageReference "firebase-ios-sdk" */;
			productName = FirebaseStorage;
		};
		3C324AC32DD32DBF00CEA52A /* FirebaseStorageCombine-Community */ = {
			isa = XCSwiftPackageProductDependency;
			package = 3C324AA22DD32DBF00CEA52A /* XCRemoteSwiftPackageReference "firebase-ios-sdk" */;
			productName = "FirebaseStorageCombine-Community";
		};
/* End XCSwiftPackageProductDependency section */
	};
	rootObject = 3CE2EB8E2DD318B600363729 /* Project object */;
}
